// !$*UTF8*$!
{
	archiveVersion = 1;
	classes = {
	};
	objectVersion = 56;
	objects = {

/* Begin PBXBuildFile section */
		F3597DA62906DBB600C894D6 /* VehicleDetailsViewController.swift in Sources */ = {isa = PBXBuildFile; fileRef = F3597DA52906DBB600C894D6 /* VehicleDetailsViewController.swift */; };
		F3597DA82906DC1200C894D6 /* VehicleDetailsView.swift in Sources */ = {isa = PBXBuildFile; fileRef = F3597DA72906DC1200C894D6 /* VehicleDetailsView.swift */; };
		F3597DAF2906DC9600C894D6 /* VehicleBrand.swift in Sources */ = {isa = PBXBuildFile; fileRef = F3597DAD2906DC9600C894D6 /* VehicleBrand.swift */; };
		F3597DB02906DC9600C894D6 /* Vehicle.swift in Sources */ = {isa = PBXBuildFile; fileRef = F3597DAE2906DC9600C894D6 /* Vehicle.swift */; };
		F3597DB32906DD3500C894D6 /* SettingsView.swift in Sources */ = {isa = PBXBuildFile; fileRef = F3597DB22906DD3500C894D6 /* SettingsView.swift */; };
		F366833628F8586100073B31 /* FIPETable.xcdatamodeld in Sources */ = {isa = PBXBuildFile; fileRef = F366833428F8586100073B31 /* FIPETable.xcdatamodeld */; };
		F366834628F8586200073B31 /* FIPETableTests.swift in Sources */ = {isa = PBXBuildFile; fileRef = F366834528F8586200073B31 /* FIPETableTests.swift */; };
		F366835028F8586200073B31 /* FIPETableUITests.swift in Sources */ = {isa = PBXBuildFile; fileRef = F366834F28F8586200073B31 /* FIPETableUITests.swift */; };
		F366835228F8586200073B31 /* FIPETableUITestsLaunchTests.swift in Sources */ = {isa = PBXBuildFile; fileRef = F366835128F8586200073B31 /* FIPETableUITestsLaunchTests.swift */; };
		F366837E28F8781B00073B31 /* APIManager.swift in Sources */ = {isa = PBXBuildFile; fileRef = F366837D28F8781B00073B31 /* APIManager.swift */; };
		F366839E28F9982900073B31 /* VehicleBrandTests.swift in Sources */ = {isa = PBXBuildFile; fileRef = F366839D28F9982900073B31 /* VehicleBrandTests.swift */; };
		F36684D72906D76F00073B31 /* SceneDelegate.swift in Sources */ = {isa = PBXBuildFile; fileRef = F36684D42906D76F00073B31 /* SceneDelegate.swift */; };
		F36684D82906D76F00073B31 /* Assets.xcassets in Resources */ = {isa = PBXBuildFile; fileRef = F36684D52906D76F00073B31 /* Assets.xcassets */; };
		F36684D92906D76F00073B31 /* AppDelegate.swift in Sources */ = {isa = PBXBuildFile; fileRef = F36684D62906D76F00073B31 /* AppDelegate.swift */; };
		F36684E22906D83000073B31 /* ProjectFile.swift in Sources */ = {isa = PBXBuildFile; fileRef = F36684DC2906D83000073B31 /* ProjectFile.swift */; };
		F36684E32906D83000073B31 /* YearsViewModel.swift in Sources */ = {isa = PBXBuildFile; fileRef = F36684DD2906D83000073B31 /* YearsViewModel.swift */; };
		F36684E42906D83000073B31 /* BrandsViewModel.swift in Sources */ = {isa = PBXBuildFile; fileRef = F36684DE2906D83000073B31 /* BrandsViewModel.swift */; };
		F36684E52906D83000073B31 /* Project.swift in Sources */ = {isa = PBXBuildFile; fileRef = F36684DF2906D83000073B31 /* Project.swift */; };
		F36684E62906D83000073B31 /* VehiclesViewModel.swift in Sources */ = {isa = PBXBuildFile; fileRef = F36684E02906D83000073B31 /* VehiclesViewModel.swift */; };
		F36684E72906D83000073B31 /* ModelsViewModel.swift in Sources */ = {isa = PBXBuildFile; fileRef = F36684E12906D83000073B31 /* ModelsViewModel.swift */; };
		F36684EE2906D85300073B31 /* ModelsGeneralListViewController.swift in Sources */ = {isa = PBXBuildFile; fileRef = F36684E92906D85300073B31 /* ModelsGeneralListViewController.swift */; };
		F36684EF2906D85300073B31 /* YearsGeneralListViewController.swift in Sources */ = {isa = PBXBuildFile; fileRef = F36684EA2906D85300073B31 /* YearsGeneralListViewController.swift */; };
		F36684F12906D85300073B31 /* TabBarViewController.swift in Sources */ = {isa = PBXBuildFile; fileRef = F36684EC2906D85300073B31 /* TabBarViewController.swift */; };
		F36684F22906D85300073B31 /* BrandListViewController.swift in Sources */ = {isa = PBXBuildFile; fileRef = F36684ED2906D85300073B31 /* BrandListViewController.swift */; };
		F36684F62906D86700073B31 /* VehicleYears.swift in Sources */ = {isa = PBXBuildFile; fileRef = F36684F42906D86700073B31 /* VehicleYears.swift */; };
		F36684F72906D86700073B31 /* VehicleModel.swift in Sources */ = {isa = PBXBuildFile; fileRef = F36684F52906D86700073B31 /* VehicleModel.swift */; };
		F36685022906D87000073B31 /* YearsTableViewCell.swift in Sources */ = {isa = PBXBuildFile; fileRef = F36684FA2906D87000073B31 /* YearsTableViewCell.swift */; };
		F36685032906D87000073B31 /* DetailCell.swift in Sources */ = {isa = PBXBuildFile; fileRef = F36684FB2906D87000073B31 /* DetailCell.swift */; };
		F36685042906D87000073B31 /* ModelsTableViewCell.swift in Sources */ = {isa = PBXBuildFile; fileRef = F36684FC2906D87000073B31 /* ModelsTableViewCell.swift */; };
		F36685052906D87000073B31 /* BrandTableViewCell.swift in Sources */ = {isa = PBXBuildFile; fileRef = F36684FD2906D87000073B31 /* BrandTableViewCell.swift */; };
		F36685062906D87000073B31 /* ModelsListView.swift in Sources */ = {isa = PBXBuildFile; fileRef = F36684FF2906D87000073B31 /* ModelsListView.swift */; };
		F36685072906D87000073B31 /* YearsListView.swift in Sources */ = {isa = PBXBuildFile; fileRef = F36685002906D87000073B31 /* YearsListView.swift */; };
		F36685082906D87000073B31 /* BrandsListView.swift in Sources */ = {isa = PBXBuildFile; fileRef = F36685012906D87000073B31 /* BrandsListView.swift */; };
		F392F3592AEEE513003DA815 /* Localizable.xcstrings in Resources */ = {isa = PBXBuildFile; fileRef = F392F3582AEEE513003DA815 /* Localizable.xcstrings */; };
		F3BAFB1B2992879900B52C80 /* LaunchScreen.storyboard in Resources */ = {isa = PBXBuildFile; fileRef = F3597DAB2906DC6900C894D6 /* LaunchScreen.storyboard */; };
/* End PBXBuildFile section */

/* Begin PBXContainerItemProxy section */
		F366834228F8586200073B31 /* PBXContainerItemProxy */ = {
			isa = PBXContainerItemProxy;
			containerPortal = F366832028F8586100073B31 /* Project object */;
			proxyType = 1;
			remoteGlobalIDString = F366832728F8586100073B31;
			remoteInfo = FIPETable;
		};
		F366834C28F8586200073B31 /* PBXContainerItemProxy */ = {
			isa = PBXContainerItemProxy;
			containerPortal = F366832028F8586100073B31 /* Project object */;
			proxyType = 1;
			remoteGlobalIDString = F366832728F8586100073B31;
			remoteInfo = FIPETable;
		};
/* End PBXContainerItemProxy section */

/* Begin PBXFileReference section */
		F3597DA52906DBB600C894D6 /* VehicleDetailsViewController.swift */ = {isa = PBXFileReference; fileEncoding = 4; lastKnownFileType = sourcecode.swift; path = VehicleDetailsViewController.swift; sourceTree = "<group>"; };
		F3597DA72906DC1200C894D6 /* VehicleDetailsView.swift */ = {isa = PBXFileReference; fileEncoding = 4; lastKnownFileType = sourcecode.swift; path = VehicleDetailsView.swift; sourceTree = "<group>"; };
		F3597DAB2906DC6900C894D6 /* LaunchScreen.storyboard */ = {isa = PBXFileReference; lastKnownFileType = file.storyboard; path = LaunchScreen.storyboard; sourceTree = "<group>"; };
		F3597DAD2906DC9600C894D6 /* VehicleBrand.swift */ = {isa = PBXFileReference; fileEncoding = 4; lastKnownFileType = sourcecode.swift; path = VehicleBrand.swift; sourceTree = "<group>"; };
		F3597DAE2906DC9600C894D6 /* Vehicle.swift */ = {isa = PBXFileReference; fileEncoding = 4; lastKnownFileType = sourcecode.swift; path = Vehicle.swift; sourceTree = "<group>"; };
		F3597DB22906DD3500C894D6 /* SettingsView.swift */ = {isa = PBXFileReference; fileEncoding = 4; lastKnownFileType = sourcecode.swift; path = SettingsView.swift; sourceTree = "<group>"; };
		F366832828F8586100073B31 /* FIPETable.app */ = {isa = PBXFileReference; explicitFileType = wrapper.application; includeInIndex = 0; path = FIPETable.app; sourceTree = BUILT_PRODUCTS_DIR; };
		F366833528F8586100073B31 /* FIPETable.xcdatamodel */ = {isa = PBXFileReference; lastKnownFileType = wrapper.xcdatamodel; path = FIPETable.xcdatamodel; sourceTree = "<group>"; };
		F366833C28F8586200073B31 /* Info.plist */ = {isa = PBXFileReference; lastKnownFileType = text.plist.xml; path = Info.plist; sourceTree = "<group>"; };
		F366834128F8586200073B31 /* FIPETableTests.xctest */ = {isa = PBXFileReference; explicitFileType = wrapper.cfbundle; includeInIndex = 0; path = FIPETableTests.xctest; sourceTree = BUILT_PRODUCTS_DIR; };
		F366834528F8586200073B31 /* FIPETableTests.swift */ = {isa = PBXFileReference; lastKnownFileType = sourcecode.swift; path = FIPETableTests.swift; sourceTree = "<group>"; };
		F366834B28F8586200073B31 /* FIPETableUITests.xctest */ = {isa = PBXFileReference; explicitFileType = wrapper.cfbundle; includeInIndex = 0; path = FIPETableUITests.xctest; sourceTree = BUILT_PRODUCTS_DIR; };
		F366834F28F8586200073B31 /* FIPETableUITests.swift */ = {isa = PBXFileReference; lastKnownFileType = sourcecode.swift; path = FIPETableUITests.swift; sourceTree = "<group>"; };
		F366835128F8586200073B31 /* FIPETableUITestsLaunchTests.swift */ = {isa = PBXFileReference; lastKnownFileType = sourcecode.swift; path = FIPETableUITestsLaunchTests.swift; sourceTree = "<group>"; };
		F366837D28F8781B00073B31 /* APIManager.swift */ = {isa = PBXFileReference; lastKnownFileType = sourcecode.swift; path = APIManager.swift; sourceTree = "<group>"; };
		F366839D28F9982900073B31 /* VehicleBrandTests.swift */ = {isa = PBXFileReference; lastKnownFileType = sourcecode.swift; path = VehicleBrandTests.swift; sourceTree = "<group>"; };
		F36684D42906D76F00073B31 /* SceneDelegate.swift */ = {isa = PBXFileReference; fileEncoding = 4; lastKnownFileType = sourcecode.swift; name = SceneDelegate.swift; path = FIPETable/Resources/SceneDelegate.swift; sourceTree = SOURCE_ROOT; };
		F36684D52906D76F00073B31 /* Assets.xcassets */ = {isa = PBXFileReference; lastKnownFileType = folder.assetcatalog; name = Assets.xcassets; path = FIPETable/Resources/Assets.xcassets; sourceTree = SOURCE_ROOT; };
		F36684D62906D76F00073B31 /* AppDelegate.swift */ = {isa = PBXFileReference; fileEncoding = 4; lastKnownFileType = sourcecode.swift; name = AppDelegate.swift; path = FIPETable/Resource/AppDelegate.swift; sourceTree = SOURCE_ROOT; };
		F36684DC2906D83000073B31 /* ProjectFile.swift */ = {isa = PBXFileReference; fileEncoding = 4; lastKnownFileType = sourcecode.swift; path = ProjectFile.swift; sourceTree = "<group>"; };
		F36684DD2906D83000073B31 /* YearsViewModel.swift */ = {isa = PBXFileReference; fileEncoding = 4; lastKnownFileType = sourcecode.swift; path = YearsViewModel.swift; sourceTree = "<group>"; };
		F36684DE2906D83000073B31 /* BrandsViewModel.swift */ = {isa = PBXFileReference; fileEncoding = 4; lastKnownFileType = sourcecode.swift; path = BrandsViewModel.swift; sourceTree = "<group>"; };
		F36684DF2906D83000073B31 /* Project.swift */ = {isa = PBXFileReference; fileEncoding = 4; lastKnownFileType = sourcecode.swift; path = Project.swift; sourceTree = "<group>"; };
		F36684E02906D83000073B31 /* VehiclesViewModel.swift */ = {isa = PBXFileReference; fileEncoding = 4; lastKnownFileType = sourcecode.swift; path = VehiclesViewModel.swift; sourceTree = "<group>"; };
		F36684E12906D83000073B31 /* ModelsViewModel.swift */ = {isa = PBXFileReference; fileEncoding = 4; lastKnownFileType = sourcecode.swift; path = ModelsViewModel.swift; sourceTree = "<group>"; };
		F36684E92906D85300073B31 /* ModelsGeneralListViewController.swift */ = {isa = PBXFileReference; fileEncoding = 4; lastKnownFileType = sourcecode.swift; path = ModelsGeneralListViewController.swift; sourceTree = "<group>"; };
		F36684EA2906D85300073B31 /* YearsGeneralListViewController.swift */ = {isa = PBXFileReference; fileEncoding = 4; lastKnownFileType = sourcecode.swift; path = YearsGeneralListViewController.swift; sourceTree = "<group>"; };
		F36684EC2906D85300073B31 /* TabBarViewController.swift */ = {isa = PBXFileReference; fileEncoding = 4; lastKnownFileType = sourcecode.swift; path = TabBarViewController.swift; sourceTree = "<group>"; };
		F36684ED2906D85300073B31 /* BrandListViewController.swift */ = {isa = PBXFileReference; fileEncoding = 4; lastKnownFileType = sourcecode.swift; path = BrandListViewController.swift; sourceTree = "<group>"; };
		F36684F42906D86700073B31 /* VehicleYears.swift */ = {isa = PBXFileReference; fileEncoding = 4; lastKnownFileType = sourcecode.swift; path = VehicleYears.swift; sourceTree = "<group>"; };
		F36684F52906D86700073B31 /* VehicleModel.swift */ = {isa = PBXFileReference; fileEncoding = 4; lastKnownFileType = sourcecode.swift; path = VehicleModel.swift; sourceTree = "<group>"; };
		F36684FA2906D87000073B31 /* YearsTableViewCell.swift */ = {isa = PBXFileReference; fileEncoding = 4; lastKnownFileType = sourcecode.swift; path = YearsTableViewCell.swift; sourceTree = "<group>"; };
		F36684FB2906D87000073B31 /* DetailCell.swift */ = {isa = PBXFileReference; fileEncoding = 4; lastKnownFileType = sourcecode.swift; path = DetailCell.swift; sourceTree = "<group>"; };
		F36684FC2906D87000073B31 /* ModelsTableViewCell.swift */ = {isa = PBXFileReference; fileEncoding = 4; lastKnownFileType = sourcecode.swift; path = ModelsTableViewCell.swift; sourceTree = "<group>"; };
		F36684FD2906D87000073B31 /* BrandTableViewCell.swift */ = {isa = PBXFileReference; fileEncoding = 4; lastKnownFileType = sourcecode.swift; path = BrandTableViewCell.swift; sourceTree = "<group>"; };
		F36684FF2906D87000073B31 /* ModelsListView.swift */ = {isa = PBXFileReference; fileEncoding = 4; lastKnownFileType = sourcecode.swift; path = ModelsListView.swift; sourceTree = "<group>"; };
		F36685002906D87000073B31 /* YearsListView.swift */ = {isa = PBXFileReference; fileEncoding = 4; lastKnownFileType = sourcecode.swift; path = YearsListView.swift; sourceTree = "<group>"; };
		F36685012906D87000073B31 /* BrandsListView.swift */ = {isa = PBXFileReference; fileEncoding = 4; lastKnownFileType = sourcecode.swift; path = BrandsListView.swift; sourceTree = "<group>"; };
		F392F3582AEEE513003DA815 /* Localizable.xcstrings */ = {isa = PBXFileReference; lastKnownFileType = text.json.xcstrings; path = Localizable.xcstrings; sourceTree = "<group>"; };
/* End PBXFileReference section */

/* Begin PBXFrameworksBuildPhase section */
		F366832528F8586100073B31 /* Frameworks */ = {
			isa = PBXFrameworksBuildPhase;
			buildActionMask = 2147483647;
			files = (
			);
			runOnlyForDeploymentPostprocessing = 0;
		};
		F366833E28F8586200073B31 /* Frameworks */ = {
			isa = PBXFrameworksBuildPhase;
			buildActionMask = 2147483647;
			files = (
			);
			runOnlyForDeploymentPostprocessing = 0;
		};
		F366834828F8586200073B31 /* Frameworks */ = {
			isa = PBXFrameworksBuildPhase;
			buildActionMask = 2147483647;
			files = (
			);
			runOnlyForDeploymentPostprocessing = 0;
		};
/* End PBXFrameworksBuildPhase section */

/* Begin PBXGroup section */
		F3597DB12906DD3500C894D6 /* Protocols */ = {
			isa = PBXGroup;
			children = (
				F3597DB22906DD3500C894D6 /* SettingsView.swift */,
			);
			name = Protocols;
			path = FIPETable/Protocols;
			sourceTree = SOURCE_ROOT;
		};
		F366831F28F8586100073B31 = {
			isa = PBXGroup;
			children = (
				F366832A28F8586100073B31 /* FIPETable */,
				F366834428F8586200073B31 /* FIPETableTests */,
				F366834E28F8586200073B31 /* FIPETableUITests */,
				F366832928F8586100073B31 /* Products */,
			);
			sourceTree = "<group>";
		};
		F366832928F8586100073B31 /* Products */ = {
			isa = PBXGroup;
			children = (
				F366832828F8586100073B31 /* FIPETable.app */,
				F366834128F8586200073B31 /* FIPETableTests.xctest */,
				F366834B28F8586200073B31 /* FIPETableUITests.xctest */,
			);
			name = Products;
			sourceTree = "<group>";
		};
		F366832A28F8586100073B31 /* FIPETable */ = {
			isa = PBXGroup;
			children = (
				F3597DB12906DD3500C894D6 /* Protocols */,
				F36684F82906D87000073B31 /* View */,
				F36684F32906D86700073B31 /* Model */,
				F36684E82906D85300073B31 /* Controller */,
				F36684DB2906D83000073B31 /* ViewModel */,
				F366837C28F8780B00073B31 /* Service */,
				F366836428F85F0900073B31 /* Resource */,
				F366833C28F8586200073B31 /* Info.plist */,
			);
			path = FIPETable;
			sourceTree = "<group>";
		};
		F366834428F8586200073B31 /* FIPETableTests */ = {
			isa = PBXGroup;
			children = (
				F366839C28F997FB00073B31 /* Model */,
				F366834528F8586200073B31 /* FIPETableTests.swift */,
			);
			path = FIPETableTests;
			sourceTree = "<group>";
		};
		F366834E28F8586200073B31 /* FIPETableUITests */ = {
			isa = PBXGroup;
			children = (
				F366834F28F8586200073B31 /* FIPETableUITests.swift */,
				F366835128F8586200073B31 /* FIPETableUITestsLaunchTests.swift */,
			);
			path = FIPETableUITests;
			sourceTree = "<group>";
		};
		F366836428F85F0900073B31 /* Resource */ = {
			isa = PBXGroup;
			children = (
				F392F3422AEED767003DA815 /* Localization */,
				F36684D62906D76F00073B31 /* AppDelegate.swift */,
				F36684D52906D76F00073B31 /* Assets.xcassets */,
				F36684D42906D76F00073B31 /* SceneDelegate.swift */,
			);
			path = Resource;
			sourceTree = "<group>";
		};
		F366837C28F8780B00073B31 /* Service */ = {
			isa = PBXGroup;
			children = (
				F366833428F8586100073B31 /* FIPETable.xcdatamodeld */,
				F366837D28F8781B00073B31 /* APIManager.swift */,
			);
			path = Service;
			sourceTree = "<group>";
		};
		F366839C28F997FB00073B31 /* Model */ = {
			isa = PBXGroup;
			children = (
				F366839D28F9982900073B31 /* VehicleBrandTests.swift */,
			);
			path = Model;
			sourceTree = "<group>";
		};
		F36684DB2906D83000073B31 /* ViewModel */ = {
			isa = PBXGroup;
			children = (
				F36684DC2906D83000073B31 /* ProjectFile.swift */,
				F36684DD2906D83000073B31 /* YearsViewModel.swift */,
				F36684DE2906D83000073B31 /* BrandsViewModel.swift */,
				F36684DF2906D83000073B31 /* Project.swift */,
				F36684E02906D83000073B31 /* VehiclesViewModel.swift */,
				F36684E12906D83000073B31 /* ModelsViewModel.swift */,
			);
			path = ViewModel;
			sourceTree = "<group>";
		};
		F36684E82906D85300073B31 /* Controller */ = {
			isa = PBXGroup;
			children = (
				F36684E92906D85300073B31 /* ModelsGeneralListViewController.swift */,
				F36684EA2906D85300073B31 /* YearsGeneralListViewController.swift */,
				F3597DA52906DBB600C894D6 /* VehicleDetailsViewController.swift */,
				F36684EC2906D85300073B31 /* TabBarViewController.swift */,
				F36684ED2906D85300073B31 /* BrandListViewController.swift */,
			);
			path = Controller;
			sourceTree = "<group>";
		};
		F36684F32906D86700073B31 /* Model */ = {
			isa = PBXGroup;
			children = (
				F36684F42906D86700073B31 /* VehicleYears.swift */,
				F36684F52906D86700073B31 /* VehicleModel.swift */,
				F3597DAE2906DC9600C894D6 /* Vehicle.swift */,
				F3597DAD2906DC9600C894D6 /* VehicleBrand.swift */,
			);
			path = Model;
			sourceTree = "<group>";
		};
		F36684F82906D87000073B31 /* View */ = {
			isa = PBXGroup;
			children = (
				F3597DAB2906DC6900C894D6 /* LaunchScreen.storyboard */,
				F3597DA72906DC1200C894D6 /* VehicleDetailsView.swift */,
				F36684F92906D87000073B31 /* Cells */,
				F36684FE2906D87000073B31 /* Lists */,
			);
			path = View;
			sourceTree = "<group>";
		};
		F36684F92906D87000073B31 /* Cells */ = {
			isa = PBXGroup;
			children = (
				F36684FA2906D87000073B31 /* YearsTableViewCell.swift */,
				F36684FB2906D87000073B31 /* DetailCell.swift */,
				F36684FC2906D87000073B31 /* ModelsTableViewCell.swift */,
				F36684FD2906D87000073B31 /* BrandTableViewCell.swift */,
			);
			path = Cells;
			sourceTree = "<group>";
		};
		F36684FE2906D87000073B31 /* Lists */ = {
			isa = PBXGroup;
			children = (
				F36684FF2906D87000073B31 /* ModelsListView.swift */,
				F36685002906D87000073B31 /* YearsListView.swift */,
				F36685012906D87000073B31 /* BrandsListView.swift */,
			);
			path = Lists;
			sourceTree = "<group>";
		};
		F392F3422AEED767003DA815 /* Localization */ = {
			isa = PBXGroup;
			children = (
				F392F3582AEEE513003DA815 /* Localizable.xcstrings */,
			);
			path = Localization;
			sourceTree = "<group>";
		};
/* End PBXGroup section */

/* Begin PBXNativeTarget section */
		F366832728F8586100073B31 /* FIPETable */ = {
			isa = PBXNativeTarget;
			buildConfigurationList = F366835528F8586200073B31 /* Build configuration list for PBXNativeTarget "FIPETable" */;
			buildPhases = (
				F366832428F8586100073B31 /* Sources */,
				F366832528F8586100073B31 /* Frameworks */,
				F366832628F8586100073B31 /* Resources */,
			);
			buildRules = (
			);
			dependencies = (
			);
			name = FIPETable;
			packageProductDependencies = (
			);
			productName = FIPETable;
			productReference = F366832828F8586100073B31 /* FIPETable.app */;
			productType = "com.apple.product-type.application";
		};
		F366834028F8586200073B31 /* FIPETableTests */ = {
			isa = PBXNativeTarget;
			buildConfigurationList = F366835828F8586200073B31 /* Build configuration list for PBXNativeTarget "FIPETableTests" */;
			buildPhases = (
				F366833D28F8586200073B31 /* Sources */,
				F366833E28F8586200073B31 /* Frameworks */,
				F366833F28F8586200073B31 /* Resources */,
			);
			buildRules = (
			);
			dependencies = (
				F366834328F8586200073B31 /* PBXTargetDependency */,
			);
			name = FIPETableTests;
			productName = FIPETableTests;
			productReference = F366834128F8586200073B31 /* FIPETableTests.xctest */;
			productType = "com.apple.product-type.bundle.unit-test";
		};
		F366834A28F8586200073B31 /* FIPETableUITests */ = {
			isa = PBXNativeTarget;
			buildConfigurationList = F366835B28F8586200073B31 /* Build configuration list for PBXNativeTarget "FIPETableUITests" */;
			buildPhases = (
				F366834728F8586200073B31 /* Sources */,
				F366834828F8586200073B31 /* Frameworks */,
				F366834928F8586200073B31 /* Resources */,
			);
			buildRules = (
			);
			dependencies = (
				F366834D28F8586200073B31 /* PBXTargetDependency */,
			);
			name = FIPETableUITests;
			productName = FIPETableUITests;
			productReference = F366834B28F8586200073B31 /* FIPETableUITests.xctest */;
			productType = "com.apple.product-type.bundle.ui-testing";
		};
/* End PBXNativeTarget section */

/* Begin PBXProject section */
		F366832028F8586100073B31 /* Project object */ = {
			isa = PBXProject;
			attributes = {
				BuildIndependentTargetsInParallel = 1;
				LastSwiftUpdateCheck = 1400;
				LastUpgradeCheck = 1500;
				TargetAttributes = {
					F366832728F8586100073B31 = {
						CreatedOnToolsVersion = 14.0.1;
					};
					F366834028F8586200073B31 = {
						CreatedOnToolsVersion = 14.0.1;
						TestTargetID = F366832728F8586100073B31;
					};
					F366834A28F8586200073B31 = {
						CreatedOnToolsVersion = 14.0.1;
						TestTargetID = F366832728F8586100073B31;
					};
				};
			};
			buildConfigurationList = F366832328F8586100073B31 /* Build configuration list for PBXProject "FIPETable" */;
			compatibilityVersion = "Xcode 14.0";
			developmentRegion = "pt-BR";
			hasScannedForEncodings = 0;
			knownRegions = (
				en,
				"pt-BR",
				es,
				Base,
			);
			mainGroup = F366831F28F8586100073B31;
			packageReferences = (
			);
			productRefGroup = F366832928F8586100073B31 /* Products */;
			projectDirPath = "";
			projectRoot = "";
			targets = (
				F366832728F8586100073B31 /* FIPETable */,
				F366834028F8586200073B31 /* FIPETableTests */,
				F366834A28F8586200073B31 /* FIPETableUITests */,
			);
		};
/* End PBXProject section */

/* Begin PBXResourcesBuildPhase section */
		F366832628F8586100073B31 /* Resources */ = {
			isa = PBXResourcesBuildPhase;
			buildActionMask = 2147483647;
			files = (
				F36684D82906D76F00073B31 /* Assets.xcassets in Resources */,
				F392F3592AEEE513003DA815 /* Localizable.xcstrings in Resources */,
				F3BAFB1B2992879900B52C80 /* LaunchScreen.storyboard in Resources */,
			);
			runOnlyForDeploymentPostprocessing = 0;
		};
		F366833F28F8586200073B31 /* Resources */ = {
			isa = PBXResourcesBuildPhase;
			buildActionMask = 2147483647;
			files = (
			);
			runOnlyForDeploymentPostprocessing = 0;
		};
		F366834928F8586200073B31 /* Resources */ = {
			isa = PBXResourcesBuildPhase;
			buildActionMask = 2147483647;
			files = (
			);
			runOnlyForDeploymentPostprocessing = 0;
		};
/* End PBXResourcesBuildPhase section */

/* Begin PBXSourcesBuildPhase section */
		F366832428F8586100073B31 /* Sources */ = {
			isa = PBXSourcesBuildPhase;
			buildActionMask = 2147483647;
			files = (
				F3597DB02906DC9600C894D6 /* Vehicle.swift in Sources */,
				F36684E22906D83000073B31 /* ProjectFile.swift in Sources */,
				F36684F62906D86700073B31 /* VehicleYears.swift in Sources */,
				F3597DA62906DBB600C894D6 /* VehicleDetailsViewController.swift in Sources */,
				F36684F22906D85300073B31 /* BrandListViewController.swift in Sources */,
				F36684F12906D85300073B31 /* TabBarViewController.swift in Sources */,
				F36684EF2906D85300073B31 /* YearsGeneralListViewController.swift in Sources */,
				F36684EE2906D85300073B31 /* ModelsGeneralListViewController.swift in Sources */,
				F36684E52906D83000073B31 /* Project.swift in Sources */,
				F36684D92906D76F00073B31 /* AppDelegate.swift in Sources */,
				F36684F72906D86700073B31 /* VehicleModel.swift in Sources */,
				F36684E62906D83000073B31 /* VehiclesViewModel.swift in Sources */,
				F36685022906D87000073B31 /* YearsTableViewCell.swift in Sources */,
				F3597DAF2906DC9600C894D6 /* VehicleBrand.swift in Sources */,
				F366833628F8586100073B31 /* FIPETable.xcdatamodeld in Sources */,
				F366837E28F8781B00073B31 /* APIManager.swift in Sources */,
				F36684E72906D83000073B31 /* ModelsViewModel.swift in Sources */,
				F36685042906D87000073B31 /* ModelsTableViewCell.swift in Sources */,
				F36685082906D87000073B31 /* BrandsListView.swift in Sources */,
				F36685052906D87000073B31 /* BrandTableViewCell.swift in Sources */,
				F36684E42906D83000073B31 /* BrandsViewModel.swift in Sources */,
				F3597DB32906DD3500C894D6 /* SettingsView.swift in Sources */,
				F3597DA82906DC1200C894D6 /* VehicleDetailsView.swift in Sources */,
				F36684D72906D76F00073B31 /* SceneDelegate.swift in Sources */,
				F36685072906D87000073B31 /* YearsListView.swift in Sources */,
				F36685032906D87000073B31 /* DetailCell.swift in Sources */,
				F36685062906D87000073B31 /* ModelsListView.swift in Sources */,
				F36684E32906D83000073B31 /* YearsViewModel.swift in Sources */,
			);
			runOnlyForDeploymentPostprocessing = 0;
		};
		F366833D28F8586200073B31 /* Sources */ = {
			isa = PBXSourcesBuildPhase;
			buildActionMask = 2147483647;
			files = (
				F366839E28F9982900073B31 /* VehicleBrandTests.swift in Sources */,
				F366834628F8586200073B31 /* FIPETableTests.swift in Sources */,
			);
			runOnlyForDeploymentPostprocessing = 0;
		};
		F366834728F8586200073B31 /* Sources */ = {
			isa = PBXSourcesBuildPhase;
			buildActionMask = 2147483647;
			files = (
				F366835028F8586200073B31 /* FIPETableUITests.swift in Sources */,
				F366835228F8586200073B31 /* FIPETableUITestsLaunchTests.swift in Sources */,
			);
			runOnlyForDeploymentPostprocessing = 0;
		};
/* End PBXSourcesBuildPhase section */

/* Begin PBXTargetDependency section */
		F366834328F8586200073B31 /* PBXTargetDependency */ = {
			isa = PBXTargetDependency;
			target = F366832728F8586100073B31 /* FIPETable */;
			targetProxy = F366834228F8586200073B31 /* PBXContainerItemProxy */;
		};
		F366834D28F8586200073B31 /* PBXTargetDependency */ = {
			isa = PBXTargetDependency;
			target = F366832728F8586100073B31 /* FIPETable */;
			targetProxy = F366834C28F8586200073B31 /* PBXContainerItemProxy */;
		};
/* End PBXTargetDependency section */

/* Begin XCBuildConfiguration section */
		F366835328F8586200073B31 /* Debug */ = {
			isa = XCBuildConfiguration;
			buildSettings = {
				ALWAYS_SEARCH_USER_PATHS = NO;
				CLANG_ANALYZER_LOCALIZABILITY_NONLOCALIZED = YES;
				CLANG_ANALYZER_NONNULL = YES;
				CLANG_ANALYZER_NUMBER_OBJECT_CONVERSION = YES_AGGRESSIVE;
				CLANG_CXX_LANGUAGE_STANDARD = "gnu++20";
				CLANG_ENABLE_MODULES = YES;
				CLANG_ENABLE_OBJC_ARC = YES;
				CLANG_ENABLE_OBJC_WEAK = YES;
				CLANG_WARN_BLOCK_CAPTURE_AUTORELEASING = YES;
				CLANG_WARN_BOOL_CONVERSION = YES;
				CLANG_WARN_COMMA = YES;
				CLANG_WARN_CONSTANT_CONVERSION = YES;
				CLANG_WARN_DEPRECATED_OBJC_IMPLEMENTATIONS = YES;
				CLANG_WARN_DIRECT_OBJC_ISA_USAGE = YES_ERROR;
				CLANG_WARN_DOCUMENTATION_COMMENTS = YES;
				CLANG_WARN_EMPTY_BODY = YES;
				CLANG_WARN_ENUM_CONVERSION = YES;
				CLANG_WARN_INFINITE_RECURSION = YES;
				CLANG_WARN_INT_CONVERSION = YES;
				CLANG_WARN_NON_LITERAL_NULL_CONVERSION = YES;
				CLANG_WARN_OBJC_IMPLICIT_RETAIN_SELF = YES;
				CLANG_WARN_OBJC_LITERAL_CONVERSION = YES;
				CLANG_WARN_OBJC_ROOT_CLASS = YES_ERROR;
				CLANG_WARN_QUOTED_INCLUDE_IN_FRAMEWORK_HEADER = YES;
				CLANG_WARN_RANGE_LOOP_ANALYSIS = YES;
				CLANG_WARN_STRICT_PROTOTYPES = YES;
				CLANG_WARN_SUSPICIOUS_MOVE = YES;
				CLANG_WARN_UNGUARDED_AVAILABILITY = YES_AGGRESSIVE;
				CLANG_WARN_UNREACHABLE_CODE = YES;
				CLANG_WARN__DUPLICATE_METHOD_MATCH = YES;
				COPY_PHASE_STRIP = NO;
				DEBUG_INFORMATION_FORMAT = dwarf;
				ENABLE_STRICT_OBJC_MSGSEND = YES;
				ENABLE_TESTABILITY = YES;
				ENABLE_USER_SCRIPT_SANDBOXING = YES;
				GCC_C_LANGUAGE_STANDARD = gnu11;
				GCC_DYNAMIC_NO_PIC = NO;
				GCC_NO_COMMON_BLOCKS = YES;
				GCC_OPTIMIZATION_LEVEL = 0;
				GCC_PREPROCESSOR_DEFINITIONS = (
					"DEBUG=1",
					"$(inherited)",
				);
				GCC_WARN_64_TO_32_BIT_CONVERSION = YES;
				GCC_WARN_ABOUT_RETURN_TYPE = YES_ERROR;
				GCC_WARN_UNDECLARED_SELECTOR = YES;
				GCC_WARN_UNINITIALIZED_AUTOS = YES_AGGRESSIVE;
				GCC_WARN_UNUSED_FUNCTION = YES;
				GCC_WARN_UNUSED_VARIABLE = YES;
				IPHONEOS_DEPLOYMENT_TARGET = 16.0;
				MTL_ENABLE_DEBUG_INFO = INCLUDE_SOURCE;
				MTL_FAST_MATH = YES;
				ONLY_ACTIVE_ARCH = YES;
				SDKROOT = iphoneos;
				SWIFT_ACTIVE_COMPILATION_CONDITIONS = DEBUG;
				SWIFT_OPTIMIZATION_LEVEL = "-Onone";
			};
			name = Debug;
		};
		F366835428F8586200073B31 /* Release */ = {
			isa = XCBuildConfiguration;
			buildSettings = {
				ALWAYS_SEARCH_USER_PATHS = NO;
				CLANG_ANALYZER_LOCALIZABILITY_NONLOCALIZED = YES;
				CLANG_ANALYZER_NONNULL = YES;
				CLANG_ANALYZER_NUMBER_OBJECT_CONVERSION = YES_AGGRESSIVE;
				CLANG_CXX_LANGUAGE_STANDARD = "gnu++20";
				CLANG_ENABLE_MODULES = YES;
				CLANG_ENABLE_OBJC_ARC = YES;
				CLANG_ENABLE_OBJC_WEAK = YES;
				CLANG_WARN_BLOCK_CAPTURE_AUTORELEASING = YES;
				CLANG_WARN_BOOL_CONVERSION = YES;
				CLANG_WARN_COMMA = YES;
				CLANG_WARN_CONSTANT_CONVERSION = YES;
				CLANG_WARN_DEPRECATED_OBJC_IMPLEMENTATIONS = YES;
				CLANG_WARN_DIRECT_OBJC_ISA_USAGE = YES_ERROR;
				CLANG_WARN_DOCUMENTATION_COMMENTS = YES;
				CLANG_WARN_EMPTY_BODY = YES;
				CLANG_WARN_ENUM_CONVERSION = YES;
				CLANG_WARN_INFINITE_RECURSION = YES;
				CLANG_WARN_INT_CONVERSION = YES;
				CLANG_WARN_NON_LITERAL_NULL_CONVERSION = YES;
				CLANG_WARN_OBJC_IMPLICIT_RETAIN_SELF = YES;
				CLANG_WARN_OBJC_LITERAL_CONVERSION = YES;
				CLANG_WARN_OBJC_ROOT_CLASS = YES_ERROR;
				CLANG_WARN_QUOTED_INCLUDE_IN_FRAMEWORK_HEADER = YES;
				CLANG_WARN_RANGE_LOOP_ANALYSIS = YES;
				CLANG_WARN_STRICT_PROTOTYPES = YES;
				CLANG_WARN_SUSPICIOUS_MOVE = YES;
				CLANG_WARN_UNGUARDED_AVAILABILITY = YES_AGGRESSIVE;
				CLANG_WARN_UNREACHABLE_CODE = YES;
				CLANG_WARN__DUPLICATE_METHOD_MATCH = YES;
				COPY_PHASE_STRIP = NO;
				DEBUG_INFORMATION_FORMAT = "dwarf-with-dsym";
				ENABLE_NS_ASSERTIONS = NO;
				ENABLE_STRICT_OBJC_MSGSEND = YES;
				ENABLE_USER_SCRIPT_SANDBOXING = YES;
				GCC_C_LANGUAGE_STANDARD = gnu11;
				GCC_NO_COMMON_BLOCKS = YES;
				GCC_WARN_64_TO_32_BIT_CONVERSION = YES;
				GCC_WARN_ABOUT_RETURN_TYPE = YES_ERROR;
				GCC_WARN_UNDECLARED_SELECTOR = YES;
				GCC_WARN_UNINITIALIZED_AUTOS = YES_AGGRESSIVE;
				GCC_WARN_UNUSED_FUNCTION = YES;
				GCC_WARN_UNUSED_VARIABLE = YES;
				IPHONEOS_DEPLOYMENT_TARGET = 16.0;
				MTL_ENABLE_DEBUG_INFO = NO;
				MTL_FAST_MATH = YES;
				SDKROOT = iphoneos;
				SWIFT_COMPILATION_MODE = wholemodule;
				SWIFT_OPTIMIZATION_LEVEL = "-O";
				VALIDATE_PRODUCT = YES;
			};
			name = Release;
		};
		F366835628F8586200073B31 /* Debug */ = {
			isa = XCBuildConfiguration;
			buildSettings = {
				ASSETCATALOG_COMPILER_APPICON_NAME = AppIcon;
				ASSETCATALOG_COMPILER_GLOBAL_ACCENT_COLOR_NAME = AccentColor;
				CODE_SIGN_STYLE = Automatic;
				CURRENT_PROJECT_VERSION = 1;
				DEVELOPMENT_TEAM = 2P65JA735T;
				GENERATE_INFOPLIST_FILE = YES;
				INFOPLIST_FILE = FIPETable/Info.plist;
				INFOPLIST_KEY_LSApplicationCategoryType = "public.app-category.utilities";
				INFOPLIST_KEY_UIApplicationSupportsIndirectInputEvents = YES;
				INFOPLIST_KEY_UILaunchStoryboardName = LaunchScreen.storyboard;
				INFOPLIST_KEY_UIStatusBarStyle = "";
				INFOPLIST_KEY_UISupportedInterfaceOrientations_iPad = "UIInterfaceOrientationPortrait UIInterfaceOrientationPortraitUpsideDown UIInterfaceOrientationLandscapeLeft UIInterfaceOrientationLandscapeRight";
				INFOPLIST_KEY_UISupportedInterfaceOrientations_iPhone = "UIInterfaceOrientationPortrait UIInterfaceOrientationLandscapeLeft UIInterfaceOrientationLandscapeRight";
				LD_RUNPATH_SEARCH_PATHS = (
					"$(inherited)",
					"@executable_path/Frameworks",
				);
				MARKETING_VERSION = 1.0;
				PRODUCT_BUNDLE_IDENTIFIER = com.milenaalcantara.FIPETable;
				PRODUCT_NAME = "$(TARGET_NAME)";
				SUPPORTED_PLATFORMS = "iphoneos iphonesimulator";
				SUPPORTS_MACCATALYST = NO;
				SUPPORTS_MAC_DESIGNED_FOR_IPHONE_IPAD = NO;
				SWIFT_EMIT_LOC_STRINGS = YES;
				SWIFT_VERSION = 5.0;
				TARGETED_DEVICE_FAMILY = 1;
			};
			name = Debug;
		};
		F366835728F8586200073B31 /* Release */ = {
			isa = XCBuildConfiguration;
			buildSettings = {
				ASSETCATALOG_COMPILER_APPICON_NAME = AppIcon;
				ASSETCATALOG_COMPILER_GLOBAL_ACCENT_COLOR_NAME = AccentColor;
				CODE_SIGN_STYLE = Automatic;
				CURRENT_PROJECT_VERSION = 1;
				DEVELOPMENT_TEAM = 2P65JA735T;
				GENERATE_INFOPLIST_FILE = YES;
				INFOPLIST_FILE = FIPETable/Info.plist;
				INFOPLIST_KEY_LSApplicationCategoryType = "public.app-category.utilities";
				INFOPLIST_KEY_UIApplicationSupportsIndirectInputEvents = YES;
				INFOPLIST_KEY_UILaunchStoryboardName = LaunchScreen.storyboard;
				INFOPLIST_KEY_UIStatusBarStyle = "";
				INFOPLIST_KEY_UISupportedInterfaceOrientations_iPad = "UIInterfaceOrientationPortrait UIInterfaceOrientationPortraitUpsideDown UIInterfaceOrientationLandscapeLeft UIInterfaceOrientationLandscapeRight";
				INFOPLIST_KEY_UISupportedInterfaceOrientations_iPhone = "UIInterfaceOrientationPortrait UIInterfaceOrientationLandscapeLeft UIInterfaceOrientationLandscapeRight";
				LD_RUNPATH_SEARCH_PATHS = (
					"$(inherited)",
					"@executable_path/Frameworks",
				);
				MARKETING_VERSION = 1.0;
				PRODUCT_BUNDLE_IDENTIFIER = com.milenaalcantara.FIPETable;
				PRODUCT_NAME = "$(TARGET_NAME)";
				SUPPORTED_PLATFORMS = "iphoneos iphonesimulator";
				SUPPORTS_MACCATALYST = NO;
				SUPPORTS_MAC_DESIGNED_FOR_IPHONE_IPAD = NO;
				SWIFT_EMIT_LOC_STRINGS = YES;
				SWIFT_VERSION = 5.0;
				TARGETED_DEVICE_FAMILY = 1;
			};
			name = Release;
		};
		F366835928F8586200073B31 /* Debug */ = {
			isa = XCBuildConfiguration;
			buildSettings = {
				ALWAYS_EMBED_SWIFT_STANDARD_LIBRARIES = YES;
				BUNDLE_LOADER = "$(TEST_HOST)";
				CODE_SIGN_STYLE = Automatic;
				CURRENT_PROJECT_VERSION = 1;
				DEVELOPMENT_TEAM = 2P65JA735T;
				GENERATE_INFOPLIST_FILE = YES;
				IPHONEOS_DEPLOYMENT_TARGET = 16.0;
				MARKETING_VERSION = 1.0;
				PRODUCT_BUNDLE_IDENTIFIER = com.milenaalcantara.FIPETableTests;
				PRODUCT_NAME = "$(TARGET_NAME)";
				SWIFT_EMIT_LOC_STRINGS = NO;
				SWIFT_VERSION = 5.0;
				TARGETED_DEVICE_FAMILY = "1,2";
				TEST_HOST = "$(BUILT_PRODUCTS_DIR)/FIPETable.app/$(BUNDLE_EXECUTABLE_FOLDER_PATH)/FIPETable";
			};
			name = Debug;
		};
		F366835A28F8586200073B31 /* Release */ = {
			isa = XCBuildConfiguration;
			buildSettings = {
				ALWAYS_EMBED_SWIFT_STANDARD_LIBRARIES = YES;
				BUNDLE_LOADER = "$(TEST_HOST)";
				CODE_SIGN_STYLE = Automatic;
				CURRENT_PROJECT_VERSION = 1;
				DEVELOPMENT_TEAM = 2P65JA735T;
				GENERATE_INFOPLIST_FILE = YES;
				IPHONEOS_DEPLOYMENT_TARGET = 16.0;
				MARKETING_VERSION = 1.0;
				PRODUCT_BUNDLE_IDENTIFIER = com.milenaalcantara.FIPETableTests;
				PRODUCT_NAME = "$(TARGET_NAME)";
				SWIFT_EMIT_LOC_STRINGS = NO;
				SWIFT_VERSION = 5.0;
				TARGETED_DEVICE_FAMILY = "1,2";
				TEST_HOST = "$(BUILT_PRODUCTS_DIR)/FIPETable.app/$(BUNDLE_EXECUTABLE_FOLDER_PATH)/FIPETable";
			};
			name = Release;
		};
		F366835C28F8586200073B31 /* Debug */ = {
			isa = XCBuildConfiguration;
			buildSettings = {
				ALWAYS_EMBED_SWIFT_STANDARD_LIBRARIES = YES;
				CODE_SIGN_STYLE = Automatic;
				CURRENT_PROJECT_VERSION = 1;
				DEVELOPMENT_TEAM = 2P65JA735T;
				GENERATE_INFOPLIST_FILE = YES;
				MARKETING_VERSION = 1.0;
				PRODUCT_BUNDLE_IDENTIFIER = com.milenaalcantara.FIPETableUITests;
				PRODUCT_NAME = "$(TARGET_NAME)";
				SWIFT_EMIT_LOC_STRINGS = NO;
				SWIFT_VERSION = 5.0;
				TARGETED_DEVICE_FAMILY = "1,2";
				TEST_TARGET_NAME = FIPETable;
			};
			name = Debug;
		};
		F366835D28F8586200073B31 /* Release */ = {
			isa = XCBuildConfiguration;
			buildSettings = {
				ALWAYS_EMBED_SWIFT_STANDARD_LIBRARIES = YES;
				CODE_SIGN_STYLE = Automatic;
				CURRENT_PROJECT_VERSION = 1;
				DEVELOPMENT_TEAM = 2P65JA735T;
				GENERATE_INFOPLIST_FILE = YES;
				MARKETING_VERSION = 1.0;
				PRODUCT_BUNDLE_IDENTIFIER = com.milenaalcantara.FIPETableUITests;
				PRODUCT_NAME = "$(TARGET_NAME)";
				SWIFT_EMIT_LOC_STRINGS = NO;
				SWIFT_VERSION = 5.0;
				TARGETED_DEVICE_FAMILY = "1,2";
				TEST_TARGET_NAME = FIPETable;
			};
			name = Release;
		};
/* End XCBuildConfiguration section */

/* Begin XCConfigurationList section */
		F366832328F8586100073B31 /* Build configuration list for PBXProject "FIPETable" */ = {
			isa = XCConfigurationList;
			buildConfigurations = (
				F366835328F8586200073B31 /* Debug */,
				F366835428F8586200073B31 /* Release */,
			);
			defaultConfigurationIsVisible = 0;
			defaultConfigurationName = Release;
		};
		F366835528F8586200073B31 /* Build configuration list for PBXNativeTarget "FIPETable" */ = {
			isa = XCConfigurationList;
			buildConfigurations = (
				F366835628F8586200073B31 /* Debug */,
				F366835728F8586200073B31 /* Release */,
			);
			defaultConfigurationIsVisible = 0;
			defaultConfigurationName = Release;
		};
		F366835828F8586200073B31 /* Build configuration list for PBXNativeTarget "FIPETableTests" */ = {
			isa = XCConfigurationList;
			buildConfigurations = (
				F366835928F8586200073B31 /* Debug */,
				F366835A28F8586200073B31 /* Release */,
			);
			defaultConfigurationIsVisible = 0;
			defaultConfigurationName = Release;
		};
		F366835B28F8586200073B31 /* Build configuration list for PBXNativeTarget "FIPETableUITests" */ = {
			isa = XCConfigurationList;
			buildConfigurations = (
				F366835C28F8586200073B31 /* Debug */,
				F366835D28F8586200073B31 /* Release */,
			);
			defaultConfigurationIsVisible = 0;
			defaultConfigurationName = Release;
		};
/* End XCConfigurationList section */

/* Begin XCVersionGroup section */
		F366833428F8586100073B31 /* FIPETable.xcdatamodeld */ = {
			isa = XCVersionGroup;
			children = (
				F366833528F8586100073B31 /* FIPETable.xcdatamodel */,
			);
			currentVersion = F366833528F8586100073B31 /* FIPETable.xcdatamodel */;
			path = FIPETable.xcdatamodeld;
			sourceTree = "<group>";
			versionGroupType = wrapper.xcdatamodel;
		};
/* End XCVersionGroup section */
	};
	rootObject = F366832028F8586100073B31 /* Project object */;
}
